
Microsoft Visual Studio Solution File, Format Version 12.00
# Visual Studio Version 17
VisualStudioVersion = 17.5.33502.453
MinimumVisualStudioVersion = 10.0.40219.1
Project("{FAE04EC0-301F-11D3-BF4B-00C04F79EFBC}") = "Class-Excersise", "Class-Excersise\Class-Excersise.csproj", "{056A9C57-DA79-4A01-9271-85FE792A5130}"
EndProject
Global
	GlobalSection(SolutionConfigurationPlatforms) = preSolution
		Debug|Any CPU = Debug|Any CPU
		Release|Any CPU = Release|Any CPU
	EndGlobalSection
	GlobalSection(ProjectConfigurationPlatforms) = postSolution
		{056A9C57-DA79-4A01-9271-85FE792A5130}.Debug|Any CPU.ActiveCfg = Debug|Any CPU
		{056A9C57-DA79-4A01-9271-85FE792A5130}.Debug|Any CPU.Build.0 = Debug|Any CPU
		{056A9C57-DA79-4A01-9271-85FE792A5130}.Release|Any CPU.ActiveCfg = Release|Any CPU
		{056A9C57-DA79-4A01-9271-85FE792A5130}.Release|Any CPU.Build.0 = Release|Any CPU
	EndGlobalSection
	GlobalSection(SolutionProperties) = preSolution
		HideSolutionNode = FALSE
	EndGlobalSection
	GlobalSection(ExtensibilityGlobals) = postSolution
		SolutionGuid = {7FDE6081-27E7-47D6-B700-8DC8D1D62BE1}
	EndGlobalSection
EndGlobal
